
Microsoft Visual Studio Solution File, Format Version 12.00
# Visual Studio Version 17
VisualStudioVersion = 17.0.31903.59
MinimumVisualStudioVersion = 10.0.40219.1
Project("{2150E333-8FDC-42A3-9474-1A3956D46DE8}") = "BuildingBlocks", "BuildingBlocks", "{6D1D043A-41D7-4AA3-AF96-5E736BE4CA81}"
	ProjectSection(SolutionItems) = preProject
		Resources.txt = Resources.txt
	EndProjectSection
EndProject
Project("{9A19103F-16F7-4668-BE54-9A1E7A4F7556}") = "Domian", "BuildingBlocks\Domian\Domian.csproj", "{0BFF2105-F85D-43AB-B665-74FCC068B399}"
EndProject
Project("{2150E333-8FDC-42A3-9474-1A3956D46DE8}") = "Services", "Services", "{B5BD4307-66C9-4E1A-B4F2-A0B622506111}"
EndProject
Project("{2150E333-8FDC-42A3-9474-1A3956D46DE8}") = "VideoManager", "VideoManager", "{FEC0AC5E-56A7-448F-A804-07EC72F9D2B6}"
EndProject
Project("{9A19103F-16F7-4668-BE54-9A1E7A4F7556}") = "VideoManager.Domain", "Services\VideoManager\VideoManager.Domain\VideoManager.Domain.csproj", "{321E4ABE-30E6-4A4B-BCE1-8161691A25AF}"
EndProject
Project("{9A19103F-16F7-4668-BE54-9A1E7A4F7556}") = "VideoManager.Infrastructure", "Services\VideoManager\VideoManager.Infrastructure\VideoManager.Infrastructure.csproj", "{8269128D-2B5F-4A5E-B823-49BB1D146B90}"
EndProject
Project("{9A19103F-16F7-4668-BE54-9A1E7A4F7556}") = "VideoManager.API", "Services\VideoManager\VideoManager.API\VideoManager.API.csproj", "{A8FF72F9-F0B2-4743-A45B-B7DEDECDB619}"
EndProject
Project("{9A19103F-16F7-4668-BE54-9A1E7A4F7556}") = "VideoManager.SignalRHub", "Services\VideoManager\VideoManager.SignalRHub\VideoManager.SignalRHub.csproj", "{22EEB443-9867-4B89-96EC-5D0B0C88B1E1}"
EndProject
Project("{9A19103F-16F7-4668-BE54-9A1E7A4F7556}") = "Infrastructure", "BuildingBlocks\Infrastructure\Infrastructure.csproj", "{5886E3C7-46DC-4617-857A-C0E07D21A44A}"
EndProject
Project("{9A19103F-16F7-4668-BE54-9A1E7A4F7556}") = "Infrastructure.EFCore", "BuildingBlocks\Infrastructure.EFCore\Infrastructure.EFCore.csproj", "{B2821EE0-04D7-4542-9D1D-1B4BE414B4AF}"
EndProject
Project("{9A19103F-16F7-4668-BE54-9A1E7A4F7556}") = "EventBuss", "BuildingBlocks\EventBuss\EventBuss.csproj", "{7F023BF9-AB59-4869-A3AA-601AB4C73598}"
EndProject
Project("{9A19103F-16F7-4668-BE54-9A1E7A4F7556}") = "Application", "BuildingBlocks\Application\Application.csproj", "{D149C2CA-B6FD-43BE-BB1E-DBDEDC2C9537}"
EndProject
Project("{2150E333-8FDC-42A3-9474-1A3956D46DE8}") = "Storage", "Storage", "{CA04658A-7790-4737-9125-13F04440ACBB}"
EndProject
Project("{9A19103F-16F7-4668-BE54-9A1E7A4F7556}") = "Storage.Shared", "Services\Storage\Storage.Shared\Storage.Shared.csproj", "{6B2D4C26-95E5-4371-B716-EA18C597691F}"
EndProject
Project("{9A19103F-16F7-4668-BE54-9A1E7A4F7556}") = "SharedKernel", "BuildingBlocks\SharedKernel\SharedKernel.csproj", "{A123E3B4-035C-4600-AB1D-0F0D37AF8BEB}"
EndProject
Project("{9A19103F-16F7-4668-BE54-9A1E7A4F7556}") = "EventBuss.Helper", "BuildingBlocks\EventBuss.Helper\EventBuss.Helper.csproj", "{2CD1F99B-DB68-4EF7-A397-2A2BE7F89AA4}"
EndProject
Project("{9A19103F-16F7-4668-BE54-9A1E7A4F7556}") = "EventBuss.RabbitMQ", "BuildingBlocks\EventBuss.RabbitMQ\EventBuss.RabbitMQ.csproj", "{094F5CC5-1284-4E15-889B-397BA51ED09F}"
EndProject
Global
	GlobalSection(SolutionConfigurationPlatforms) = preSolution
		Debug|Any CPU = Debug|Any CPU
		Release|Any CPU = Release|Any CPU
	EndGlobalSection
	GlobalSection(ProjectConfigurationPlatforms) = postSolution
		{0BFF2105-F85D-43AB-B665-74FCC068B399}.Debug|Any CPU.ActiveCfg = Debug|Any CPU
		{0BFF2105-F85D-43AB-B665-74FCC068B399}.Debug|Any CPU.Build.0 = Debug|Any CPU
		{0BFF2105-F85D-43AB-B665-74FCC068B399}.Release|Any CPU.ActiveCfg = Release|Any CPU
		{0BFF2105-F85D-43AB-B665-74FCC068B399}.Release|Any CPU.Build.0 = Release|Any CPU
		{321E4ABE-30E6-4A4B-BCE1-8161691A25AF}.Debug|Any CPU.ActiveCfg = Debug|Any CPU
		{321E4ABE-30E6-4A4B-BCE1-8161691A25AF}.Debug|Any CPU.Build.0 = Debug|Any CPU
		{321E4ABE-30E6-4A4B-BCE1-8161691A25AF}.Release|Any CPU.ActiveCfg = Release|Any CPU
		{321E4ABE-30E6-4A4B-BCE1-8161691A25AF}.Release|Any CPU.Build.0 = Release|Any CPU
		{8269128D-2B5F-4A5E-B823-49BB1D146B90}.Debug|Any CPU.ActiveCfg = Debug|Any CPU
		{8269128D-2B5F-4A5E-B823-49BB1D146B90}.Debug|Any CPU.Build.0 = Debug|Any CPU
		{8269128D-2B5F-4A5E-B823-49BB1D146B90}.Release|Any CPU.ActiveCfg = Release|Any CPU
		{8269128D-2B5F-4A5E-B823-49BB1D146B90}.Release|Any CPU.Build.0 = Release|Any CPU
		{A8FF72F9-F0B2-4743-A45B-B7DEDECDB619}.Debug|Any CPU.ActiveCfg = Debug|Any CPU
		{A8FF72F9-F0B2-4743-A45B-B7DEDECDB619}.Debug|Any CPU.Build.0 = Debug|Any CPU
		{A8FF72F9-F0B2-4743-A45B-B7DEDECDB619}.Release|Any CPU.ActiveCfg = Release|Any CPU
		{A8FF72F9-F0B2-4743-A45B-B7DEDECDB619}.Release|Any CPU.Build.0 = Release|Any CPU
		{22EEB443-9867-4B89-96EC-5D0B0C88B1E1}.Debug|Any CPU.ActiveCfg = Debug|Any CPU
		{22EEB443-9867-4B89-96EC-5D0B0C88B1E1}.Debug|Any CPU.Build.0 = Debug|Any CPU
		{22EEB443-9867-4B89-96EC-5D0B0C88B1E1}.Release|Any CPU.ActiveCfg = Release|Any CPU
		{22EEB443-9867-4B89-96EC-5D0B0C88B1E1}.Release|Any CPU.Build.0 = Release|Any CPU
		{5886E3C7-46DC-4617-857A-C0E07D21A44A}.Debug|Any CPU.ActiveCfg = Debug|Any CPU
		{5886E3C7-46DC-4617-857A-C0E07D21A44A}.Debug|Any CPU.Build.0 = Debug|Any CPU
		{5886E3C7-46DC-4617-857A-C0E07D21A44A}.Release|Any CPU.ActiveCfg = Release|Any CPU
		{5886E3C7-46DC-4617-857A-C0E07D21A44A}.Release|Any CPU.Build.0 = Release|Any CPU
		{B2821EE0-04D7-4542-9D1D-1B4BE414B4AF}.Debug|Any CPU.ActiveCfg = Debug|Any CPU
		{B2821EE0-04D7-4542-9D1D-1B4BE414B4AF}.Debug|Any CPU.Build.0 = Debug|Any CPU
		{B2821EE0-04D7-4542-9D1D-1B4BE414B4AF}.Release|Any CPU.ActiveCfg = Release|Any CPU
		{B2821EE0-04D7-4542-9D1D-1B4BE414B4AF}.Release|Any CPU.Build.0 = Release|Any CPU
		{7F023BF9-AB59-4869-A3AA-601AB4C73598}.Debug|Any CPU.ActiveCfg = Debug|Any CPU
		{7F023BF9-AB59-4869-A3AA-601AB4C73598}.Debug|Any CPU.Build.0 = Debug|Any CPU
		{7F023BF9-AB59-4869-A3AA-601AB4C73598}.Release|Any CPU.ActiveCfg = Release|Any CPU
		{7F023BF9-AB59-4869-A3AA-601AB4C73598}.Release|Any CPU.Build.0 = Release|Any CPU
		{D149C2CA-B6FD-43BE-BB1E-DBDEDC2C9537}.Debug|Any CPU.ActiveCfg = Debug|Any CPU
		{D149C2CA-B6FD-43BE-BB1E-DBDEDC2C9537}.Debug|Any CPU.Build.0 = Debug|Any CPU
		{D149C2CA-B6FD-43BE-BB1E-DBDEDC2C9537}.Release|Any CPU.ActiveCfg = Release|Any CPU
		{D149C2CA-B6FD-43BE-BB1E-DBDEDC2C9537}.Release|Any CPU.Build.0 = Release|Any CPU
		{6B2D4C26-95E5-4371-B716-EA18C597691F}.Debug|Any CPU.ActiveCfg = Debug|Any CPU
		{6B2D4C26-95E5-4371-B716-EA18C597691F}.Debug|Any CPU.Build.0 = Debug|Any CPU
		{6B2D4C26-95E5-4371-B716-EA18C597691F}.Release|Any CPU.ActiveCfg = Release|Any CPU
		{6B2D4C26-95E5-4371-B716-EA18C597691F}.Release|Any CPU.Build.0 = Release|Any CPU
		{A123E3B4-035C-4600-AB1D-0F0D37AF8BEB}.Debug|Any CPU.ActiveCfg = Debug|Any CPU
		{A123E3B4-035C-4600-AB1D-0F0D37AF8BEB}.Debug|Any CPU.Build.0 = Debug|Any CPU
		{A123E3B4-035C-4600-AB1D-0F0D37AF8BEB}.Release|Any CPU.ActiveCfg = Release|Any CPU
		{A123E3B4-035C-4600-AB1D-0F0D37AF8BEB}.Release|Any CPU.Build.0 = Release|Any CPU
		{2CD1F99B-DB68-4EF7-A397-2A2BE7F89AA4}.Debug|Any CPU.ActiveCfg = Debug|Any CPU
		{2CD1F99B-DB68-4EF7-A397-2A2BE7F89AA4}.Debug|Any CPU.Build.0 = Debug|Any CPU
		{2CD1F99B-DB68-4EF7-A397-2A2BE7F89AA4}.Release|Any CPU.ActiveCfg = Release|Any CPU
		{2CD1F99B-DB68-4EF7-A397-2A2BE7F89AA4}.Release|Any CPU.Build.0 = Release|Any CPU
		{094F5CC5-1284-4E15-889B-397BA51ED09F}.Debug|Any CPU.ActiveCfg = Debug|Any CPU
		{094F5CC5-1284-4E15-889B-397BA51ED09F}.Debug|Any CPU.Build.0 = Debug|Any CPU
		{094F5CC5-1284-4E15-889B-397BA51ED09F}.Release|Any CPU.ActiveCfg = Release|Any CPU
		{094F5CC5-1284-4E15-889B-397BA51ED09F}.Release|Any CPU.Build.0 = Release|Any CPU
	EndGlobalSection
	GlobalSection(SolutionProperties) = preSolution
		HideSolutionNode = FALSE
	EndGlobalSection
	GlobalSection(NestedProjects) = preSolution
		{0BFF2105-F85D-43AB-B665-74FCC068B399} = {6D1D043A-41D7-4AA3-AF96-5E736BE4CA81}
		{FEC0AC5E-56A7-448F-A804-07EC72F9D2B6} = {B5BD4307-66C9-4E1A-B4F2-A0B622506111}
		{321E4ABE-30E6-4A4B-BCE1-8161691A25AF} = {FEC0AC5E-56A7-448F-A804-07EC72F9D2B6}
		{8269128D-2B5F-4A5E-B823-49BB1D146B90} = {FEC0AC5E-56A7-448F-A804-07EC72F9D2B6}
		{A8FF72F9-F0B2-4743-A45B-B7DEDECDB619} = {FEC0AC5E-56A7-448F-A804-07EC72F9D2B6}
		{22EEB443-9867-4B89-96EC-5D0B0C88B1E1} = {FEC0AC5E-56A7-448F-A804-07EC72F9D2B6}
		{5886E3C7-46DC-4617-857A-C0E07D21A44A} = {6D1D043A-41D7-4AA3-AF96-5E736BE4CA81}
		{B2821EE0-04D7-4542-9D1D-1B4BE414B4AF} = {6D1D043A-41D7-4AA3-AF96-5E736BE4CA81}
		{7F023BF9-AB59-4869-A3AA-601AB4C73598} = {6D1D043A-41D7-4AA3-AF96-5E736BE4CA81}
		{D149C2CA-B6FD-43BE-BB1E-DBDEDC2C9537} = {6D1D043A-41D7-4AA3-AF96-5E736BE4CA81}
		{CA04658A-7790-4737-9125-13F04440ACBB} = {B5BD4307-66C9-4E1A-B4F2-A0B622506111}
		{6B2D4C26-95E5-4371-B716-EA18C597691F} = {CA04658A-7790-4737-9125-13F04440ACBB}
		{A123E3B4-035C-4600-AB1D-0F0D37AF8BEB} = {6D1D043A-41D7-4AA3-AF96-5E736BE4CA81}
		{2CD1F99B-DB68-4EF7-A397-2A2BE7F89AA4} = {6D1D043A-41D7-4AA3-AF96-5E736BE4CA81}
		{094F5CC5-1284-4E15-889B-397BA51ED09F} = {6D1D043A-41D7-4AA3-AF96-5E736BE4CA81}
	EndGlobalSection
	GlobalSection(ExtensibilityGlobals) = postSolution
		SolutionGuid = {0EAACF41-BC62-4A0E-B5D1-A5E6B2C76D3B}
	EndGlobalSection
EndGlobal
